
Microsoft Visual Studio Solution File, Format Version 12.00
Project("{FAE04EC0-301F-11D3-BF4B-00C04F79EFBC}") = "BattleShipConsole", "BattleShipConsole\BattleShipConsole.csproj", "{07FD3B21-53A6-42B2-995B-B8CEC0B7FE11}"
EndProject
Global
	GlobalSection(SolutionConfigurationPlatforms) = preSolution
		Debug|Any CPU = Debug|Any CPU
		Release|Any CPU = Release|Any CPU
	EndGlobalSection
	GlobalSection(ProjectConfigurationPlatforms) = postSolution
		{07FD3B21-53A6-42B2-995B-B8CEC0B7FE11}.Debug|Any CPU.ActiveCfg = Debug|Any CPU
		{07FD3B21-53A6-42B2-995B-B8CEC0B7FE11}.Debug|Any CPU.Build.0 = Debug|Any CPU
		{07FD3B21-53A6-42B2-995B-B8CEC0B7FE11}.Release|Any CPU.ActiveCfg = Release|Any CPU
		{07FD3B21-53A6-42B2-995B-B8CEC0B7FE11}.Release|Any CPU.Build.0 = Release|Any CPU
	EndGlobalSection
EndGlobal
